<?xml version="1.0" encoding="utf-8"?>
<Project ToolsVersion="4.0" xmlns="http://schemas.microsoft.com/developer/msbuild/2003">
  <ItemGroup>
    <Filter Include="Source Files">
      <UniqueIdentifier>{67bebf86-9539-4f7f-b9e9-a376519ec1f1}</UniqueIdentifier>
    </Filter>
    <Filter Include="Header Files">
      <UniqueIdentifier>{954a8f61-1c3e-419b-baca-c5e2b83c689a}</UniqueIdentifier>
    </Filter>
    <Filter Include="assets">
      <UniqueIdentifier>{09095d68-bcd7-45c4-b007-5c8ddb5d60a4}</UniqueIdentifier>
    </Filter>
    <Filter Include="assets\shaders">
      <UniqueIdentifier>{8b0cb0c9-e0d8-4107-91c8-11654fac88e7}</UniqueIdentifier>
    </Filter>
    <Filter Include="assets\shaders\raytracing">
      <UniqueIdentifier>{e95a0ed7-d908-4309-84a2-e90b8db85e74}</UniqueIdentifier>
    </Filter>
  </ItemGroup>
  <ItemGroup>
    <ClInclude Include="src\stdafx.h">
      <Filter>Header Files</Filter>
    </ClInclude>
    <ClInclude Include="src\dx12\dxr\nv_helpers_dx12\BottomLevelASGenerator.h">
      <Filter>Header Files</Filter>
    </ClInclude>
    <ClInclude Include="src\dx12\dxr\nv_helpers_dx12\RaytracingPipelineGenerator.h">
      <Filter>Header Files</Filter>
    </ClInclude>
    <ClInclude Include="src\dx12\dxr\nv_helpers_dx12\RootSignatureGenerator.h">
      <Filter>Header Files</Filter>
    </ClInclude>
    <ClInclude Include="src\dx12\dxr\nv_helpers_dx12\ShaderBindingTableGenerator.h">
      <Filter>Header Files</Filter>
    </ClInclude>
    <ClInclude Include="src\dx12\dxr\DXRHelper.h">
      <Filter>Header Files</Filter>
    </ClInclude>
    <ClInclude Include="src\dx12\DXSampleHelper.h">
      <Filter>Header Files</Filter>
    </ClInclude>
    <ClInclude Include="src\dx12\d3dx12.h">
      <Filter>Header Files</Filter>
    </ClInclude>
    <ClInclude Include="src\dx12\DXSample.h">
      <Filter>Header Files</Filter>
    </ClInclude>
    <ClInclude Include="src\dx12\Win32Application.h">
      <Filter>Header Files</Filter>
    </ClInclude>
    <ClInclude Include="src\dx12\dxr\nv_helpers_dx12\TopLevelASGenerator.h">
      <Filter>Header Files</Filter>
    </ClInclude>
    <ClInclude Include="src\RaytracingSample.h">
      <Filter>Header Files</Filter>
    </ClInclude>
  </ItemGroup>
  <ItemGroup>
    <ClCompile Include="src\Main.cpp">
      <Filter>Source Files</Filter>
    </ClCompile>
    <ClCompile Include="src\stdafx.cpp">
      <Filter>Source Files</Filter>
    </ClCompile>
    <ClCompile Include="src\dx12\dxr\nv_helpers_dx12\BottomLevelASGenerator.cpp">
      <Filter>Source Files</Filter>
    </ClCompile>
    <ClCompile Include="src\dx12\dxr\nv_helpers_dx12\RaytracingPipelineGenerator.cpp">
      <Filter>Source Files</Filter>
    </ClCompile>
    <ClCompile Include="src\dx12\dxr\nv_helpers_dx12\RootSignatureGenerator.cpp">
      <Filter>Source Files</Filter>
    </ClCompile>
    <ClCompile Include="src\dx12\dxr\nv_helpers_dx12\ShaderBindingTableGenerator.cpp">
      <Filter>Source Files</Filter>
    </ClCompile>
    <ClCompile Include="src\dx12\dxr\nv_helpers_dx12\TopLevelASGenerator.cpp">
      <Filter>Source Files</Filter>
    </ClCompile>
    <ClCompile Include="src\dx12\DXSample.cpp">
      <Filter>Source Files</Filter>
    </ClCompile>
    <ClCompile Include="src\dx12\Win32Application.cpp">
      <Filter>Source Files</Filter>
    </ClCompile>
    <ClCompile Include="src\RaytracingSample.cpp">
      <Filter>Source Files</Filter>
    </ClCompile>
  </ItemGroup>
  <ItemGroup>
    <FxCompile Include="assets\shaders\RayGen.hlsl">
      <Filter>assets\shaders\raytracing</Filter>
    </FxCompile>
    <FxCompile Include="assets\shaders\Common.hlsl">
      <Filter>assets\shaders\raytracing</Filter>
    </FxCompile>
    <FxCompile Include="assets\shaders\Hit.hlsl">
      <Filter>assets\shaders\raytracing</Filter>
    </FxCompile>
    <FxCompile Include="assets\shaders\Miss.hlsl">
      <Filter>assets\shaders\raytracing</Filter>
    </FxCompile>
  </ItemGroup>
  <ItemGroup>
    <CustomBuild Include="assets\shaders\shaders.hlsl">
      <Filter>assets\shaders</Filter>
    </CustomBuild>
  </ItemGroup>
</Project>